
Microsoft Visual Studio Solution File, Format Version 11.00
# Visual Studio 2010
Project("{FAE04EC0-301F-11D3-BF4B-00C04F79EFBC}") = "ScrollsPost", "ScrollsPost.csproj", "{7DF5DEE9-EA96-4095-9EC2-D237C0B888BB}"
EndProject
Global
	GlobalSection(SolutionConfigurationPlatforms) = preSolution
		Debug|Any CPU = Debug|Any CPU
		Release|Any CPU = Release|Any CPU
	EndGlobalSection
	GlobalSection(ProjectConfigurationPlatforms) = postSolution
		{7DF5DEE9-EA96-4095-9EC2-D237C0B888BB}.Debug|Any CPU.ActiveCfg = Debug|Any CPU
		{7DF5DEE9-EA96-4095-9EC2-D237C0B888BB}.Debug|Any CPU.Build.0 = Debug|Any CPU
		{7DF5DEE9-EA96-4095-9EC2-D237C0B888BB}.Release|Any CPU.ActiveCfg = Release|Any CPU
		{7DF5DEE9-EA96-4095-9EC2-D237C0B888BB}.Release|Any CPU.Build.0 = Release|Any CPU
	EndGlobalSection
	GlobalSection(MonoDevelopProperties) = preSolution
		StartupItem = ScrollsPost.csproj
		Policies = $0
		$0.DotNetNamingPolicy = $1
		$1.DirectoryNamespaceAssociation = None
		$1.ResourceNamePolicy = FileFormatDefault
	EndGlobalSection
EndGlobal
